
Microsoft Visual Studio Solution File, Format Version 12.00
# Visual Studio Version 16
VisualStudioVersion = 16.0.29209.62
MinimumVisualStudioVersion = 10.0.40219.1
Project("{9A19103F-16F7-4668-BE54-9A1E7A4F7556}") = "SiteTest", "SiteTest\SiteTest.csproj", "{218D0F45-323C-402B-A770-89FFD05F09B5}"
EndProject
Global
	GlobalSection(SolutionConfigurationPlatforms) = preSolution
		Debug|Any CPU = Debug|Any CPU
		Release|Any CPU = Release|Any CPU
	EndGlobalSection
	GlobalSection(ProjectConfigurationPlatforms) = postSolution
		{218D0F45-323C-402B-A770-89FFD05F09B5}.Debug|Any CPU.ActiveCfg = Debug|Any CPU
		{218D0F45-323C-402B-A770-89FFD05F09B5}.Debug|Any CPU.Build.0 = Debug|Any CPU
		{218D0F45-323C-402B-A770-89FFD05F09B5}.Release|Any CPU.ActiveCfg = Release|Any CPU
		{218D0F45-323C-402B-A770-89FFD05F09B5}.Release|Any CPU.Build.0 = Release|Any CPU
	EndGlobalSection
	GlobalSection(SolutionProperties) = preSolution
		HideSolutionNode = FALSE
	EndGlobalSection
	GlobalSection(ExtensibilityGlobals) = postSolution
		SolutionGuid = {CAD68B6B-1090-4D21-BB13-A6FF8011E7CA}
	EndGlobalSection
EndGlobal
